{
  "version": 4,
  "terraform_version": "1.6.3",
  "serial": 3,
  "lineage": "a59cc293-7ceb-c949-aa97-7eeb184d6548",
  "outputs": {},
  "resources": [
    {
      "mode": "managed",
      "type": "azurerm_resource_group",
      "name": "rg",
      "provider": "provider[\"registry.terraform.io/hashicorp/azurerm\"]",
      "instances": [
        {
          "schema_version": 0,
          "attributes": {
            "id": "/subscriptions/7c8308fd-c50e-441f-8e7d-4fafad8bf8d8/resourceGroups/tiktaktoe-app-rg",
            "location": "westus2",
            "managed_by": "",
            "name": "tiktaktoe-app-rg",
            "tags": null,
            "timeouts": null
          },
          "sensitive_attributes": [],
          "private": "eyJlMmJmYjczMC1lY2FhLTExZTYtOGY4OC0zNDM2M2JjN2M0YzAiOnsiY3JlYXRlIjo1NDAwMDAwMDAwMDAwLCJkZWxldGUiOjU0MDAwMDAwMDAwMDAsInJlYWQiOjMwMDAwMDAwMDAwMCwidXBkYXRlIjo1NDAwMDAwMDAwMDAwfX0="
        }
      ]
    },
    {
      "mode": "managed",
      "type": "azurerm_static_web_app",
      "name": "web",
      "provider": "provider[\"registry.terraform.io/hashicorp/azurerm\"]",
      "instances": [
        {
          "schema_version": 0,
          "attributes": {
            "api_key": "933aea67de650635e097e864e0cfd286c6e27504b4bb4f83c05425a18a9a3f8f05-111928f0-8f57-4351-beb0-fc1a310caff801e200604fda381e",
            "app_settings": null,
            "basic_auth": [],
            "configuration_file_changes_enabled": true,
            "default_host_name": "happy-ground-04fda381e.5.azurestaticapps.net",
            "id": "/subscriptions/7c8308fd-c50e-441f-8e7d-4fafad8bf8d8/resourceGroups/tiktaktoe-app-rg/providers/Microsoft.Web/staticSites/tiktaktoe-app",
            "identity": [],
            "location": "westus2",
            "name": "tiktaktoe-app",
            "preview_environments_enabled": true,
            "resource_group_name": "tiktaktoe-app-rg",
            "sku_size": "Free",
            "sku_tier": "Free",
            "tags": null,
            "timeouts": null
          },
          "sensitive_attributes": [],
          "private": "eyJlMmJmYjczMC1lY2FhLTExZTYtOGY4OC0zNDM2M2JjN2M0YzAiOnsiY3JlYXRlIjoxODAwMDAwMDAwMDAwLCJkZWxldGUiOjE4MDAwMDAwMDAwMDAsInJlYWQiOjMwMDAwMDAwMDAwMCwidXBkYXRlIjoxODAwMDAwMDAwMDAwfX0=",
          "dependencies": [
            "azurerm_resource_group.rg"
          ]
        }
      ]
    }
  ],
  "check_results": null
}
